
Microsoft Visual Studio Solution File, Format Version 12.00
# Visual Studio Version 17
VisualStudioVersion = 17.5.33424.131
MinimumVisualStudioVersion = 10.0.40219.1
Project("{9A19103F-16F7-4668-BE54-9A1E7A4F7556}") = "SQLiteDemoApp", "SQLiteDemoApp.csproj", "{9B10807E-1241-47EF-BE09-5EBBD6984BAE}"
EndProject
Global
	GlobalSection(SolutionConfigurationPlatforms) = preSolution
		Debug|Any CPU = Debug|Any CPU
		Release|Any CPU = Release|Any CPU
	EndGlobalSection
	GlobalSection(ProjectConfigurationPlatforms) = postSolution
		{9B10807E-1241-47EF-BE09-5EBBD6984BAE}.Debug|Any CPU.ActiveCfg = Debug|Any CPU
		{9B10807E-1241-47EF-BE09-5EBBD6984BAE}.Debug|Any CPU.Build.0 = Debug|Any CPU
		{9B10807E-1241-47EF-BE09-5EBBD6984BAE}.Release|Any CPU.ActiveCfg = Release|Any CPU
		{9B10807E-1241-47EF-BE09-5EBBD6984BAE}.Release|Any CPU.Build.0 = Release|Any CPU
	EndGlobalSection
	GlobalSection(SolutionProperties) = preSolution
		HideSolutionNode = FALSE
	EndGlobalSection
	GlobalSection(ExtensibilityGlobals) = postSolution
		SolutionGuid = {CDE4DCC2-CC76-4970-8758-CE1FF931EE36}
	EndGlobalSection
EndGlobal
